{
  "name": "express-like-lambda-example",
  "version": "1.0.0",
  "lockfileVersion": 1,
  "requires": true,
  "dependencies": {
    "lambda-api": {
      "version": "0.10.6",
      "resolved": "https://registry.npmjs.org/lambda-api/-/lambda-api-0.10.6.tgz",
      "integrity": "sha512-Tjn5GQEI4N1a3CojgphpwQX/2692czUykRoG2bnTIgZ6hnRiMea+KlWatD77r4HwF66Uj6xgOOs8YG+jC3xuQg=="
    }
  }
}
